
Microsoft Visual Studio Solution File, Format Version 12.00
# Visual Studio Version 17
VisualStudioVersion = 17.7.34031.279
MinimumVisualStudioVersion = 10.0.40219.1
Project("{FAE04EC0-301F-11D3-BF4B-00C04F79EFBC}") = "ZatcaWebApp", "ZatcaWebApp\ZatcaWebApp.csproj", "{72A8F597-A39C-41E6-9D5C-FB44B823A75A}"
EndProject
Project("{FAE04EC0-301F-11D3-BF4B-00C04F79EFBC}") = "ZatcaWebApp-V2", "ZatcaWebApp-V2\ZatcaWebApp-V2.csproj", "{17B3096C-779A-49F6-A579-48BACD28982F}"
EndProject
Global
	GlobalSection(SolutionConfigurationPlatforms) = preSolution
		Debug|Any CPU = Debug|Any CPU
		Release|Any CPU = Release|Any CPU
	EndGlobalSection
	GlobalSection(ProjectConfigurationPlatforms) = postSolution
		{72A8F597-A39C-41E6-9D5C-FB44B823A75A}.Debug|Any CPU.ActiveCfg = Debug|Any CPU
		{72A8F597-A39C-41E6-9D5C-FB44B823A75A}.Debug|Any CPU.Build.0 = Debug|Any CPU
		{72A8F597-A39C-41E6-9D5C-FB44B823A75A}.Release|Any CPU.ActiveCfg = Release|Any CPU
		{72A8F597-A39C-41E6-9D5C-FB44B823A75A}.Release|Any CPU.Build.0 = Release|Any CPU
		{17B3096C-779A-49F6-A579-48BACD28982F}.Debug|Any CPU.ActiveCfg = Debug|Any CPU
		{17B3096C-779A-49F6-A579-48BACD28982F}.Debug|Any CPU.Build.0 = Debug|Any CPU
		{17B3096C-779A-49F6-A579-48BACD28982F}.Release|Any CPU.ActiveCfg = Release|Any CPU
		{17B3096C-779A-49F6-A579-48BACD28982F}.Release|Any CPU.Build.0 = Release|Any CPU
	EndGlobalSection
	GlobalSection(SolutionProperties) = preSolution
		HideSolutionNode = FALSE
	EndGlobalSection
	GlobalSection(ExtensibilityGlobals) = postSolution
		SolutionGuid = {DD80E140-681C-4F31-9C4A-A889D0C5DAEC}
	EndGlobalSection
EndGlobal
